
Microsoft Visual Studio Solution File, Format Version 12.00
# Visual Studio 15
VisualStudioVersion = 15.0.27130.2024
MinimumVisualStudioVersion = 10.0.40219.1
Project("{FAE04EC0-301F-11D3-BF4B-00C04F79EFBC}") = "NetCoreWebAPI", "NetCoreWebAPI\NetCoreWebAPI.csproj", "{029528F6-02D5-4743-9CEF-94C76F25BC0C}"
EndProject
Global
	GlobalSection(SolutionConfigurationPlatforms) = preSolution
		Debug|Any CPU = Debug|Any CPU
		Release|Any CPU = Release|Any CPU
	EndGlobalSection
	GlobalSection(ProjectConfigurationPlatforms) = postSolution
		{029528F6-02D5-4743-9CEF-94C76F25BC0C}.Debug|Any CPU.ActiveCfg = Debug|Any CPU
		{029528F6-02D5-4743-9CEF-94C76F25BC0C}.Debug|Any CPU.Build.0 = Debug|Any CPU
		{029528F6-02D5-4743-9CEF-94C76F25BC0C}.Release|Any CPU.ActiveCfg = Release|Any CPU
		{029528F6-02D5-4743-9CEF-94C76F25BC0C}.Release|Any CPU.Build.0 = Release|Any CPU
	EndGlobalSection
	GlobalSection(SolutionProperties) = preSolution
		HideSolutionNode = FALSE
	EndGlobalSection
	GlobalSection(ExtensibilityGlobals) = postSolution
		SolutionGuid = {536C1ECD-51A7-4884-8C88-EC8EFCD22C35}
	EndGlobalSection
EndGlobal
